
Microsoft Visual Studio Solution File, Format Version 12.00
# Visual Studio Version 17
VisualStudioVersion = 17.1.32421.90
MinimumVisualStudioVersion = 10.0.40219.1
Project("{FAE04EC0-301F-11D3-BF4B-00C04F79EFBC}") = "Exercicio22", "Exercicio22\Exercicio22.csproj", "{DE461843-03F2-4878-822E-1D2F67A54770}"
EndProject
Global
	GlobalSection(SolutionConfigurationPlatforms) = preSolution
		Debug|Any CPU = Debug|Any CPU
		Release|Any CPU = Release|Any CPU
	EndGlobalSection
	GlobalSection(ProjectConfigurationPlatforms) = postSolution
		{DE461843-03F2-4878-822E-1D2F67A54770}.Debug|Any CPU.ActiveCfg = Debug|Any CPU
		{DE461843-03F2-4878-822E-1D2F67A54770}.Debug|Any CPU.Build.0 = Debug|Any CPU
		{DE461843-03F2-4878-822E-1D2F67A54770}.Release|Any CPU.ActiveCfg = Release|Any CPU
		{DE461843-03F2-4878-822E-1D2F67A54770}.Release|Any CPU.Build.0 = Release|Any CPU
	EndGlobalSection
	GlobalSection(SolutionProperties) = preSolution
		HideSolutionNode = FALSE
	EndGlobalSection
	GlobalSection(ExtensibilityGlobals) = postSolution
		SolutionGuid = {60527F01-B32D-46D2-B7E6-DE2500D61FDE}
	EndGlobalSection
EndGlobal
